{
  "name": "crushit",
  "version": "0.1.9",
  "dependencies": {
    "request": {
      "version": "2.12.0",
      "dependencies": {
        "form-data": {
          "version": "0.0.3",
          "dependencies": {
            "combined-stream": {
              "version": "0.0.3",
              "dependencies": {
                "delayed-stream": {
                  "version": "0.0.5"
                }
              }
            },
            "async": {
              "version": "0.1.9"
            }
          }
        },
        "mime": {
          "version": "1.2.7"
        }
      }
    },
    "cheerio": {
      "version": "0.10.3",
      "dependencies": {
        "cheerio-select": {
          "version": "0.0.3",
          "dependencies": {
            "CSSselect": {
              "version": "0.3.0",
              "dependencies": {
                "CSSwhat": {
                  "version": "0.1.1"
                }
              }
            }
          }
        },
        "htmlparser2": {
          "version": "2.5.0",
          "dependencies": {
            "domhandler": {
              "version": "2.0.1"
            },
            "domutils": {
              "version": "1.0.1"
            },
            "domelementtype": {
              "version": "1.0.1"
            }
          }
        },
        "underscore": {
          "version": "1.4.3"
        },
        "entities": {
          "version": "0.1.1"
        }
      }
    },
    "uglify-js": {
      "version": "2.2.3",
      "dependencies": {
        "source-map": {
          "version": "0.1.8",
          "dependencies": {
            "amdefine": {
              "version": "0.0.4"
            }
          }
        },
        "optimist": {
          "version": "0.3.5",
          "dependencies": {
            "wordwrap": {
              "version": "0.0.2"
            }
          }
        }
      }
    },
    "commander": {
      "version": "1.1.1",
      "dependencies": {
        "keypress": {
          "version": "0.1.0"
        }
      }
    },
    "should": {
      "version": "1.2.1"
    },
    "mocha": {
      "version": "1.7.4",
      "dependencies": {
        "commander": {
          "version": "0.6.1"
        },
        "growl": {
          "version": "1.6.1"
        },
        "jade": {
          "version": "0.26.3",
          "dependencies": {
            "mkdirp": {
              "version": "0.3.0"
            }
          }
        },
        "diff": {
          "version": "1.0.2"
        },
        "debug": {
          "version": "0.7.0"
        },
        "mkdirp": {
          "version": "0.3.3"
        },
        "ms": {
          "version": "0.3.0"
        }
      }
    }
  }
}
